# THIS IS AN AUTOGENERATED FILE. DO NOT EDIT THIS FILE DIRECTLY.
# yarn lockfile v1


"@types/isomorphic-fetch@^0.0.36":
  version "0.0.36"
  resolved "https://registry.yarnpkg.com/@types/isomorphic-fetch/-/isomorphic-fetch-0.0.36.tgz#3a6d8f63974baf26b10fd1314db910633108a769"
  integrity sha512-ulw4d+vW1HKn4oErSmNN2HYEcHGq0N1C5exlrMM0CRqX1UUpFhGb5lwiom5j9KN3LBJJDLRmYIZz1ghm7FIzZw==

"@types/node@^17.0.21":
  version "17.0.21"
  resolved "https://registry.yarnpkg.com/@types/node/-/node-17.0.21.tgz#864b987c0c68d07b4345845c3e63b75edd143644"
  integrity sha512-DBZCJbhII3r90XbQxI8Y9IjjiiOGlZ0Hr32omXIZvwwZ7p4DMMXGrKXVyPfuoBOri9XNtL0UK69jYIBIsRX3QQ==

"@types/objects-to-csv@^1.3.1":
  version "1.3.1"
  resolved "https://registry.yarnpkg.com/@types/objects-to-csv/-/objects-to-csv-1.3.1.tgz#febce1e3103cb74e54054088fb801dcb02ea7903"
  integrity sha512-RGZdFlzuj/3ARNTgrf/yJCKREZ2HGYP///wq3pxYWhsw47ImY0FFIBjyNcgdN9Us6lvIMdW6RfubpCAiJb65mg==

async-csv@^2.1.3:
  version "2.1.3"
  resolved "https://registry.yarnpkg.com/async-csv/-/async-csv-2.1.3.tgz#d6e43c61050ed3501b57f53c4c28943c5da59172"
  integrity sha512-mpsCN+D7mzZeqrlDw7UTPhvDQDlx1i819E9fbKIt8drkgED5FSOlBv3Rk/+sXdevnO2wwlRkVOQ4kdT0AyqPqQ==
  dependencies:
    csv "^5.1.3"

csv-generate@^3.4.3:
  version "3.4.3"
  resolved "https://registry.yarnpkg.com/csv-generate/-/csv-generate-3.4.3.tgz#bc42d943b45aea52afa896874291da4b9108ffff"
  integrity sha512-w/T+rqR0vwvHqWs/1ZyMDWtHHSJaN06klRqJXBEpDJaM/+dZkso0OKh1VcuuYvK3XM53KysVNq8Ko/epCK8wOw==

csv-parse@^4.16.3:
  version "4.16.3"
  resolved "https://registry.yarnpkg.com/csv-parse/-/csv-parse-4.16.3.tgz#7ca624d517212ebc520a36873c3478fa66efbaf7"
  integrity sha512-cO1I/zmz4w2dcKHVvpCr7JVRu8/FymG5OEpmvsZYlccYolPBLoVGKUHgNoc4ZGkFeFlWGEDmMyBM+TTqRdW/wg==

csv-stringify@^5.6.5:
  version "5.6.5"
  resolved "https://registry.yarnpkg.com/csv-stringify/-/csv-stringify-5.6.5.tgz#c6d74badda4b49a79bf4e72f91cce1e33b94de00"
  integrity sha512-PjiQ659aQ+fUTQqSrd1XEDnOr52jh30RBurfzkscaE2tPaFsDH5wOAHJiw8XAHphRknCwMUE9KRayc4K/NbO8A==

csv@^5.1.3:
  version "5.5.3"
  resolved "https://registry.yarnpkg.com/csv/-/csv-5.5.3.tgz#cd26c1e45eae00ce6a9b7b27dcb94955ec95207d"
  integrity sha512-QTaY0XjjhTQOdguARF0lGKm5/mEq9PD9/VhZZegHDIBq2tQwgNpHc3dneD4mGo2iJs+fTKv5Bp0fZ+BRuY3Z0g==
  dependencies:
    csv-generate "^3.4.3"
    csv-parse "^4.16.3"
    csv-stringify "^5.6.5"
    stream-transform "^2.1.3"

es6-promise@^4.2.8:
  version "4.2.8"
  resolved "https://registry.yarnpkg.com/es6-promise/-/es6-promise-4.2.8.tgz#4eb21594c972bc40553d276e510539143db53e0a"
  integrity sha512-HJDGx5daxeIvxdBxvG2cb9g4tEvwIk3i8+nhX0yGrYmZUzbkdg8QbDevheDB8gd0//uPj4c1EQua8Q+MViT0/w==

isomorphic-fetch@^3.0.0:
  version "3.0.0"
  resolved "https://registry.yarnpkg.com/isomorphic-fetch/-/isomorphic-fetch-3.0.0.tgz#0267b005049046d2421207215d45d6a262b8b8b4"
  integrity sha512-qvUtwJ3j6qwsF3jLxkZ72qCgjMysPzDfeV240JHiGZsANBYd+EEuu35v7dfrJ9Up0Ak07D7GGSkGhCHTqg/5wA==
  dependencies:
    node-fetch "^2.6.1"
    whatwg-fetch "^3.4.1"

mixme@^0.5.1:
  version "0.5.4"
  resolved "https://registry.yarnpkg.com/mixme/-/mixme-0.5.4.tgz#8cb3bd0cd32a513c161bf1ca99d143f0bcf2eff3"
  integrity sha512-3KYa4m4Vlqx98GPdOHghxSdNtTvcP8E0kkaJ5Dlh+h2DRzF7zpuVVcA8B0QpKd11YJeP9QQ7ASkKzOeu195Wzw==

node-fetch@^2.6.1:
  version "2.6.7"
  resolved "https://registry.yarnpkg.com/node-fetch/-/node-fetch-2.6.7.tgz#24de9fba827e3b4ae44dc8b20256a379160052ad"
  integrity sha512-ZjMPFEfVx5j+y2yF35Kzx5sF7kDzxuDj6ziH4FFbOp87zKDZNx8yExJIb05OGF4Nlt9IHFIMBkRl41VdvcNdbQ==
  dependencies:
    whatwg-url "^5.0.0"

objects-to-csv@^1.3.6:
  version "1.3.6"
  resolved "https://registry.yarnpkg.com/objects-to-csv/-/objects-to-csv-1.3.6.tgz#05f25144099151ee915d2dd1458d4dd3ea96d84a"
  integrity sha512-383eSpS3hmgCksW85KIqBtcbgSW5DDVsCmzLoM6C3q4yzOX2rmtWxF4pbLJ76fz+ufA+4/SwAT4QdaY6IUWmAg==
  dependencies:
    async-csv "^2.1.3"

stream-transform@^2.1.3:
  version "2.1.3"
  resolved "https://registry.yarnpkg.com/stream-transform/-/stream-transform-2.1.3.tgz#a1c3ecd72ddbf500aa8d342b0b9df38f5aa598e3"
  integrity sha512-9GHUiM5hMiCi6Y03jD2ARC1ettBXkQBoQAe7nJsPknnI0ow10aXjTnew8QtYQmLjzn974BnmWEAJgCY6ZP1DeQ==
  dependencies:
    mixme "^0.5.1"

tr46@~0.0.3:
  version "0.0.3"
  resolved "https://registry.yarnpkg.com/tr46/-/tr46-0.0.3.tgz#8184fd347dac9cdc185992f3a6622e14b9d9ab6a"
  integrity sha1-gYT9NH2snNwYWZLzpmIuFLnZq2o=

typescript@^4.6.2:
  version "4.6.2"
  resolved "https://registry.yarnpkg.com/typescript/-/typescript-4.6.2.tgz#fe12d2727b708f4eef40f51598b3398baa9611d4"
  integrity sha512-HM/hFigTBHZhLXshn9sN37H085+hQGeJHJ/X7LpBWLID/fbc2acUMfU+lGD98X81sKP+pFa9f0DZmCwB9GnbAg==

webidl-conversions@^3.0.0:
  version "3.0.1"
  resolved "https://registry.yarnpkg.com/webidl-conversions/-/webidl-conversions-3.0.1.tgz#24534275e2a7bc6be7bc86611cc16ae0a5654871"
  integrity sha1-JFNCdeKnvGvnvIZhHMFq4KVlSHE=

whatwg-fetch@^3.4.1:
  version "3.6.2"
  resolved "https://registry.yarnpkg.com/whatwg-fetch/-/whatwg-fetch-3.6.2.tgz#dced24f37f2624ed0281725d51d0e2e3fe677f8c"
  integrity sha512-bJlen0FcuU/0EMLrdbJ7zOnW6ITZLrZMIarMUVmdKtsGvZna8vxKYaexICWPfZ8qwf9fzNq+UEIZrnSaApt6RA==

whatwg-url@^5.0.0:
  version "5.0.0"
  resolved "https://registry.yarnpkg.com/whatwg-url/-/whatwg-url-5.0.0.tgz#966454e8765462e37644d3626f6742ce8b70965d"
  integrity sha1-lmRU6HZUYuN2RNNib2dCzotwll0=
  dependencies:
    tr46 "~0.0.3"
    webidl-conversions "^3.0.0"
